
Microsoft Visual Studio Solution File, Format Version 12.00
# Visual Studio Version 16
VisualStudioVersion = 16.0.31624.102
MinimumVisualStudioVersion = 10.0.40219.1
Project("{FAE04EC0-301F-11D3-BF4B-00C04F79EFBC}") = "XamarinTest.Android", "XamarinTest\XamarinTest.Android\XamarinTest.Android.csproj", "{607294E1-BC8F-47C5-B922-041FC84AB8F1}"
EndProject
Project("{FAE04EC0-301F-11D3-BF4B-00C04F79EFBC}") = "XamarinTest.iOS", "XamarinTest\XamarinTest.iOS\XamarinTest.iOS.csproj", "{79B542C4-3339-4D49-BB87-FCA862C116D7}"
EndProject
Project("{FAE04EC0-301F-11D3-BF4B-00C04F79EFBC}") = "XamarinTest", "XamarinTest\XamarinTest\XamarinTest.csproj", "{734D6FDD-729A-4B5C-9987-1C6723F31EF6}"
EndProject
Global
	GlobalSection(SolutionConfigurationPlatforms) = preSolution
		Debug|Any CPU = Debug|Any CPU
		Debug|iPhone = Debug|iPhone
		Debug|iPhoneSimulator = Debug|iPhoneSimulator
		Release|Any CPU = Release|Any CPU
		Release|iPhone = Release|iPhone
		Release|iPhoneSimulator = Release|iPhoneSimulator
	EndGlobalSection
	GlobalSection(ProjectConfigurationPlatforms) = postSolution
		{607294E1-BC8F-47C5-B922-041FC84AB8F1}.Debug|Any CPU.ActiveCfg = Debug|Any CPU
		{607294E1-BC8F-47C5-B922-041FC84AB8F1}.Debug|Any CPU.Build.0 = Debug|Any CPU
		{607294E1-BC8F-47C5-B922-041FC84AB8F1}.Debug|Any CPU.Deploy.0 = Debug|Any CPU
		{607294E1-BC8F-47C5-B922-041FC84AB8F1}.Debug|iPhone.ActiveCfg = Debug|Any CPU
		{607294E1-BC8F-47C5-B922-041FC84AB8F1}.Debug|iPhone.Build.0 = Debug|Any CPU
		{607294E1-BC8F-47C5-B922-041FC84AB8F1}.Debug|iPhone.Deploy.0 = Debug|Any CPU
		{607294E1-BC8F-47C5-B922-041FC84AB8F1}.Debug|iPhoneSimulator.ActiveCfg = Debug|Any CPU
		{607294E1-BC8F-47C5-B922-041FC84AB8F1}.Debug|iPhoneSimulator.Build.0 = Debug|Any CPU
		{607294E1-BC8F-47C5-B922-041FC84AB8F1}.Debug|iPhoneSimulator.Deploy.0 = Debug|Any CPU
		{607294E1-BC8F-47C5-B922-041FC84AB8F1}.Release|Any CPU.ActiveCfg = Release|Any CPU
		{607294E1-BC8F-47C5-B922-041FC84AB8F1}.Release|Any CPU.Build.0 = Release|Any CPU
		{607294E1-BC8F-47C5-B922-041FC84AB8F1}.Release|Any CPU.Deploy.0 = Release|Any CPU
		{607294E1-BC8F-47C5-B922-041FC84AB8F1}.Release|iPhone.ActiveCfg = Release|Any CPU
		{607294E1-BC8F-47C5-B922-041FC84AB8F1}.Release|iPhone.Build.0 = Release|Any CPU
		{607294E1-BC8F-47C5-B922-041FC84AB8F1}.Release|iPhone.Deploy.0 = Release|Any CPU
		{607294E1-BC8F-47C5-B922-041FC84AB8F1}.Release|iPhoneSimulator.ActiveCfg = Release|Any CPU
		{607294E1-BC8F-47C5-B922-041FC84AB8F1}.Release|iPhoneSimulator.Build.0 = Release|Any CPU
		{607294E1-BC8F-47C5-B922-041FC84AB8F1}.Release|iPhoneSimulator.Deploy.0 = Release|Any CPU
		{79B542C4-3339-4D49-BB87-FCA862C116D7}.Debug|Any CPU.ActiveCfg = Debug|iPhone
		{79B542C4-3339-4D49-BB87-FCA862C116D7}.Debug|Any CPU.Build.0 = Debug|iPhone
		{79B542C4-3339-4D49-BB87-FCA862C116D7}.Debug|Any CPU.Deploy.0 = Debug|iPhone
		{79B542C4-3339-4D49-BB87-FCA862C116D7}.Debug|iPhone.ActiveCfg = Debug|iPhone
		{79B542C4-3339-4D49-BB87-FCA862C116D7}.Debug|iPhone.Build.0 = Debug|iPhone
		{79B542C4-3339-4D49-BB87-FCA862C116D7}.Debug|iPhone.Deploy.0 = Debug|iPhone
		{79B542C4-3339-4D49-BB87-FCA862C116D7}.Debug|iPhoneSimulator.ActiveCfg = Debug|iPhoneSimulator
		{79B542C4-3339-4D49-BB87-FCA862C116D7}.Debug|iPhoneSimulator.Build.0 = Debug|iPhoneSimulator
		{79B542C4-3339-4D49-BB87-FCA862C116D7}.Debug|iPhoneSimulator.Deploy.0 = Debug|iPhoneSimulator
		{79B542C4-3339-4D49-BB87-FCA862C116D7}.Release|Any CPU.ActiveCfg = Release|iPhoneSimulator
		{79B542C4-3339-4D49-BB87-FCA862C116D7}.Release|Any CPU.Build.0 = Release|iPhoneSimulator
		{79B542C4-3339-4D49-BB87-FCA862C116D7}.Release|Any CPU.Deploy.0 = Release|iPhoneSimulator
		{79B542C4-3339-4D49-BB87-FCA862C116D7}.Release|iPhone.ActiveCfg = Release|iPhone
		{79B542C4-3339-4D49-BB87-FCA862C116D7}.Release|iPhone.Build.0 = Release|iPhone
		{79B542C4-3339-4D49-BB87-FCA862C116D7}.Release|iPhone.Deploy.0 = Release|iPhone
		{79B542C4-3339-4D49-BB87-FCA862C116D7}.Release|iPhoneSimulator.ActiveCfg = Release|iPhoneSimulator
		{79B542C4-3339-4D49-BB87-FCA862C116D7}.Release|iPhoneSimulator.Build.0 = Release|iPhoneSimulator
		{79B542C4-3339-4D49-BB87-FCA862C116D7}.Release|iPhoneSimulator.Deploy.0 = Release|iPhoneSimulator
		{734D6FDD-729A-4B5C-9987-1C6723F31EF6}.Debug|Any CPU.ActiveCfg = Debug|Any CPU
		{734D6FDD-729A-4B5C-9987-1C6723F31EF6}.Debug|Any CPU.Build.0 = Debug|Any CPU
		{734D6FDD-729A-4B5C-9987-1C6723F31EF6}.Debug|Any CPU.Deploy.0 = Debug|Any CPU
		{734D6FDD-729A-4B5C-9987-1C6723F31EF6}.Debug|iPhone.ActiveCfg = Debug|Any CPU
		{734D6FDD-729A-4B5C-9987-1C6723F31EF6}.Debug|iPhone.Build.0 = Debug|Any CPU
		{734D6FDD-729A-4B5C-9987-1C6723F31EF6}.Debug|iPhone.Deploy.0 = Debug|Any CPU
		{734D6FDD-729A-4B5C-9987-1C6723F31EF6}.Debug|iPhoneSimulator.ActiveCfg = Debug|Any CPU
		{734D6FDD-729A-4B5C-9987-1C6723F31EF6}.Debug|iPhoneSimulator.Build.0 = Debug|Any CPU
		{734D6FDD-729A-4B5C-9987-1C6723F31EF6}.Debug|iPhoneSimulator.Deploy.0 = Debug|Any CPU
		{734D6FDD-729A-4B5C-9987-1C6723F31EF6}.Release|Any CPU.ActiveCfg = Release|Any CPU
		{734D6FDD-729A-4B5C-9987-1C6723F31EF6}.Release|Any CPU.Build.0 = Release|Any CPU
		{734D6FDD-729A-4B5C-9987-1C6723F31EF6}.Release|Any CPU.Deploy.0 = Release|Any CPU
		{734D6FDD-729A-4B5C-9987-1C6723F31EF6}.Release|iPhone.ActiveCfg = Release|Any CPU
		{734D6FDD-729A-4B5C-9987-1C6723F31EF6}.Release|iPhone.Build.0 = Release|Any CPU
		{734D6FDD-729A-4B5C-9987-1C6723F31EF6}.Release|iPhone.Deploy.0 = Release|Any CPU
		{734D6FDD-729A-4B5C-9987-1C6723F31EF6}.Release|iPhoneSimulator.ActiveCfg = Release|Any CPU
		{734D6FDD-729A-4B5C-9987-1C6723F31EF6}.Release|iPhoneSimulator.Build.0 = Release|Any CPU
		{734D6FDD-729A-4B5C-9987-1C6723F31EF6}.Release|iPhoneSimulator.Deploy.0 = Release|Any CPU
	EndGlobalSection
	GlobalSection(SolutionProperties) = preSolution
		HideSolutionNode = FALSE
	EndGlobalSection
	GlobalSection(ExtensibilityGlobals) = postSolution
		SolutionGuid = {7797526B-55D7-4AB7-A56E-1C518CBA4FC5}
	EndGlobalSection
EndGlobal
